
Microsoft Visual Studio Solution File, Format Version 12.00
# Visual Studio Version 17
VisualStudioVersion = 17.7.34031.279
MinimumVisualStudioVersion = 10.0.40219.1
Project("{FAE04EC0-301F-11D3-BF4B-00C04F79EFBC}") = "List-Practice", "List-Practice\List-Practice.csproj", "{D8455880-325A-4423-82AA-A5CE81991162}"
EndProject
Global
	GlobalSection(SolutionConfigurationPlatforms) = preSolution
		Debug|Any CPU = Debug|Any CPU
		Release|Any CPU = Release|Any CPU
	EndGlobalSection
	GlobalSection(ProjectConfigurationPlatforms) = postSolution
		{D8455880-325A-4423-82AA-A5CE81991162}.Debug|Any CPU.ActiveCfg = Debug|Any CPU
		{D8455880-325A-4423-82AA-A5CE81991162}.Debug|Any CPU.Build.0 = Debug|Any CPU
		{D8455880-325A-4423-82AA-A5CE81991162}.Release|Any CPU.ActiveCfg = Release|Any CPU
		{D8455880-325A-4423-82AA-A5CE81991162}.Release|Any CPU.Build.0 = Release|Any CPU
	EndGlobalSection
	GlobalSection(SolutionProperties) = preSolution
		HideSolutionNode = FALSE
	EndGlobalSection
	GlobalSection(ExtensibilityGlobals) = postSolution
		SolutionGuid = {9211E07A-5152-41AC-B278-EA4E1C716FC6}
	EndGlobalSection
EndGlobal
